{
  "version": 4,
  "terraform_version": "1.9.8",
  "serial": 3,
  "lineage": "68c4b6c2-876c-e9d8-98e7-d6d54acea8c9",
  "outputs": {},
  "resources": [
    {
      "mode": "managed",
      "type": "aws_instance",
      "name": "dev",
      "provider": "provider[\"registry.terraform.io/hashicorp/aws\"]",
      "instances": [
        {
          "schema_version": 1,
          "attributes": {
            "ami": "ami-0aebec83a182ea7ea",
            "arn": "arn:aws:ec2:ap-south-1:221082174974:instance/i-0437e466bedabbef7",
            "associate_public_ip_address": true,
            "availability_zone": "ap-south-1b",
            "capacity_reservation_specification": [
              {
                "capacity_reservation_preference": "open",
                "capacity_reservation_target": []
              }
            ],
            "cpu_core_count": 1,
            "cpu_options": [
              {
                "amd_sev_snp": "",
                "core_count": 1,
                "threads_per_core": 1
              }
            ],
            "cpu_threads_per_core": 1,
            "credit_specification": [
              {
                "cpu_credits": "standard"
              }
            ],
            "disable_api_stop": false,
            "disable_api_termination": false,
            "ebs_block_device": [],
            "ebs_optimized": false,
            "enclave_options": [
              {
                "enabled": false
              }
            ],
            "ephemeral_block_device": [],
            "get_password_data": false,
            "hibernation": false,
            "host_id": "",
            "host_resource_group_arn": null,
            "iam_instance_profile": "",
            "id": "i-0437e466bedabbef7",
            "instance_initiated_shutdown_behavior": "stop",
            "instance_lifecycle": "",
            "instance_market_options": [],
            "instance_state": "running",
            "instance_type": "t2.micro",
            "ipv6_address_count": 0,
            "ipv6_addresses": [],
            "key_name": "testpublic",
            "launch_template": [],
            "maintenance_options": [
              {
                "auto_recovery": "default"
              }
            ],
            "metadata_options": [
              {
                "http_endpoint": "enabled",
                "http_protocol_ipv6": "disabled",
                "http_put_response_hop_limit": 2,
                "http_tokens": "required",
                "instance_metadata_tags": "disabled"
              }
            ],
            "monitoring": false,
            "network_interface": [],
            "outpost_arn": "",
            "password_data": "",
            "placement_group": "",
            "placement_partition_number": 0,
            "primary_network_interface_id": "eni-0e6e6705ce796e3e6",
            "private_dns": "ip-172-31-12-65.ap-south-1.compute.internal",
            "private_dns_name_options": [
              {
                "enable_resource_name_dns_a_record": false,
                "enable_resource_name_dns_aaaa_record": false,
                "hostname_type": "ip-name"
              }
            ],
            "private_ip": "172.31.12.65",
            "public_dns": "ec2-43-204-149-75.ap-south-1.compute.amazonaws.com",
            "public_ip": "43.204.149.75",
            "root_block_device": [
              {
                "delete_on_termination": true,
                "device_name": "/dev/xvda",
                "encrypted": false,
                "iops": 3000,
                "kms_key_id": "",
                "tags": {},
                "tags_all": {},
                "throughput": 125,
                "volume_id": "vol-0ce5de15e54049c8f",
                "volume_size": 8,
                "volume_type": "gp3"
              }
            ],
            "secondary_private_ips": [],
            "security_groups": [
              "default"
            ],
            "source_dest_check": true,
            "spot_instance_request_id": "",
            "subnet_id": "subnet-087d942e4735f9613",
            "tags": {
              "Name": "yuvan-key"
            },
            "tags_all": {
              "Name": "yuvan-key"
            },
            "tenancy": "default",
            "timeouts": null,
            "user_data": null,
            "user_data_base64": null,
            "user_data_replace_on_change": false,
            "volume_tags": null,
            "vpc_security_group_ids": [
              "sg-04c7be568b58ec8ca"
            ]
          },
          "sensitive_attributes": [],
          "private": "eyJlMmJmYjczMC1lY2FhLTExZTYtOGY4OC0zNDM2M2JjN2M0YzAiOnsiY3JlYXRlIjo2MDAwMDAwMDAwMDAsImRlbGV0ZSI6MTIwMDAwMDAwMDAwMCwicmVhZCI6OTAwMDAwMDAwMDAwLCJ1cGRhdGUiOjYwMDAwMDAwMDAwMH0sInNjaGVtYV92ZXJzaW9uIjoiMSJ9",
          "dependencies": [
            "aws_key_pair.name"
          ]
        }
      ]
    },
    {
      "mode": "managed",
      "type": "aws_key_pair",
      "name": "name",
      "provider": "provider[\"registry.terraform.io/hashicorp/aws\"]",
      "instances": [
        {
          "schema_version": 1,
          "attributes": {
            "arn": "arn:aws:ec2:ap-south-1:221082174974:key-pair/testpublic",
            "fingerprint": "b7:ca:70:c7:c0:3c:10:e2:66:e1:a1:66:c8:2b:ff:b7",
            "id": "testpublic",
            "key_name": "testpublic",
            "key_name_prefix": "",
            "key_pair_id": "key-076473f4903d0e82d",
            "key_type": "rsa",
            "public_key": "ssh-rsa AAAAB3NzaC1yc2EAAAADAQABAAABgQDf2EsVshe+GCS1/vsNhfgKciL6Z4GqS7coBQMO21YeDydwdbQi8iSXtblHy5YlexaobL/nYqYEYoiIjgTGXWAU/ytmhdk32pazwqV3WmJ2rYKZci7Bu06F2dK2JWqcaW4Rq0HIAJKIAwovzBPfTjF4JlWDk8Zc88fToO0dsatNaEbXQYtHJ/QpsAfaC0sE2Cn8FGnciZ0HNoBuYJbmXOsnD+e5V0yY5oLuove0S9SpkGRn1Ah2e9n6HXm/gSZCNB2QJThn0OiReqy2AgqCDDoEGaRhr/PhrWeBknqAy4FvAPWDmnzgo4r4NdazSvBmp4IjbniC4f+nvdZNISLRJQ32SBf3lUq9HAPiIooWgk1Do6RO2BxklWLPp7YOu3ScfwO/xpOJ7G1l2OdpIuUsioBpKSz3yJ+NMzoFqOrWgNID+lg2xu6GB62xXR8o+Dj/5DXbgVp+1Quyjl5MrKf9KiPOwdzaoUAriZQvXWpEpOLdm1wpOseYcF7PMXeN8CTURSs= rajji-santhu@Rajji-Santu",
            "tags": null,
            "tags_all": {}
          },
          "sensitive_attributes": [],
          "private": "eyJzY2hlbWFfdmVyc2lvbiI6IjEifQ=="
        }
      ]
    }
  ],
  "check_results": null
}
